PODS:
  - ActionSheetPicker-3.0 (2.7.1)
  - AFNetworking (4.0.1):
    - AFNetworking/NSURLSession (= 4.0.1)
    - AFNetworking/Reachability (= 4.0.1)
    - AFNetworking/Security (= 4.0.1)
    - AFNetworking/Serialization (= 4.0.1)
    - AFNetworking/UIKit (= 4.0.1)
  - AFNetworking/NSURLSession (4.0.1):
    - AFNetworking/Reachability
    - AFNetworking/Security
    - AFNetworking/Serialization
  - AFNetworking/Reachability (4.0.1)
  - AFNetworking/Security (4.0.1)
  - AFNetworking/Serialization (4.0.1)
  - AFNetworking/UIKit (4.0.1):
    - AFNetworking/NSURLSession
  - DoraemonKit/Core (3.0.4):
    - FMDB
    - GCDWebServer
    - GCDWebServer/WebDAV
    - GCDWebServer/WebUploader
  - DZNEmptyDataSet (1.8.1)
  - FMDB (2.7.5):
    - FMDB/standard (= 2.7.5)
  - FMDB/standard (2.7.5)
  - GCDWebServer (3.5.4):
    - GCDWebServer/Core (= 3.5.4)
  - GCDWebServer/Core (3.5.4)
  - GCDWebServer/WebDAV (3.5.4):
    - GCDWebServer/Core
  - GCDWebServer/WebUploader (3.5.4):
    - GCDWebServer/Core
  - IQKeyboardManager (6.5.6)
  - Masonry (1.1.0)
  - MBProgressHUD (1.2.0)
  - MJRefresh (3.5.0)
  - ReactiveObjC (3.1.1)
  - TPKeyboardAvoiding (1.3.5)
  - YYCache (1.0.4)
  - YYCategories (1.0.4):
    - YYCategories/no-arc (= 1.0.4)
  - YYCategories/no-arc (1.0.4)
  - YYModel (1.0.4)

DEPENDENCIES:
  - ActionSheetPicker-3.0
  - AFNetworking (~> 4.0.1)
  - DoraemonKit/Core (~> 3.0.4)
  - DZNEmptyDataSet (~> 1.8.1)
  - IQKeyboardManager
  - Masonry
  - MBProgressHUD (~> 1.2.0)
  - MJRefresh (~> 3.5.0)
  - ReactiveObjC (~> 3.1.1)
  - TPKeyboardAvoiding (~> 1.3.5)
  - YYCache (~> 1.0.4)
  - YYCategories (~> 1.0.4)
  - YYModel (~> 1.0.4)

SPEC REPOS:
  trunk:
    - ActionSheetPicker-3.0
    - AFNetworking
    - DoraemonKit
    - DZNEmptyDataSet
    - FMDB
    - GCDWebServer
    - IQKeyboardManager
    - Masonry
    - MBProgressHUD
    - MJRefresh
    - ReactiveObjC
    - TPKeyboardAvoiding
    - YYCache
    - YYCategories
    - YYModel

SPEC CHECKSUMS:
  ActionSheetPicker-3.0: 36da254b97a09ff89679ecb8b8510bd3e5bdc773
  AFNetworking: 7864c38297c79aaca1500c33288e429c3451fdce
  DoraemonKit: b507a1500667024070f248d648632a3f7bbb6044
  DZNEmptyDataSet: 9525833b9e68ac21c30253e1d3d7076cc828eaa7
  FMDB: 2ce00b547f966261cd18927a3ddb07cb6f3db82a
  GCDWebServer: 2c156a56c8226e2d5c0c3f208a3621ccffbe3ce4
  IQKeyboardManager: 2a6e97afdafc7becf0cb17a9a8d795e3a980717f
  Masonry: 678fab65091a9290e40e2832a55e7ab731aad201
  MBProgressHUD: 3ee5efcc380f6a79a7cc9b363dd669c5e1ae7406
  MJRefresh: 6afc955813966afb08305477dd7a0d9ad5e79a16
  ReactiveObjC: 011caa393aa0383245f2dcf9bf02e86b80b36040
  TPKeyboardAvoiding: d55b3ea7b362540af8fcf36aa3ed2e87bf210cc6
  YYCache: 8105b6638f5e849296c71f331ff83891a4942952
  YYCategories: 6bcd4314c6661a561410dce4a793379ebd306abd
  YYModel: 2a7fdd96aaa4b86a824e26d0c517de8928c04b30

PODFILE CHECKSUM: 621c9bc9d82644d8c170a0252f449481ea7eb637

COCOAPODS: 1.10.0
